
Microsoft Visual Studio Solution File, Format Version 11.00
# Visual Studio 2010
Project("{FAE04EC0-301F-11D3-BF4B-00C04F79EFBC}") = "ChineseChess", "ChineseChess\ChineseChess.csproj", "{84B97A7B-CEF1-49AA-A1BD-6E3F9DBADD08}"
EndProject
Project("{FAE04EC0-301F-11D3-BF4B-00C04F79EFBC}") = "Ponder.ChineseChess", "Ponder.ChineseChess\Ponder.ChineseChess.csproj", "{BA525B4E-D7B6-4A42-A5C3-9DA11C3CE48F}"
EndProject
Project("{FAE04EC0-301F-11D3-BF4B-00C04F79EFBC}") = "Ponder", "Ponder\Ponder.csproj", "{DA691DA7-3E99-4ECC-BA70-5C4BCB2F5784}"
EndProject
Project("{FAE04EC0-301F-11D3-BF4B-00C04F79EFBC}") = "BusinessObjects", "BusinessObjects\BusinessObjects.csproj", "{BE965C33-6781-4E50-8E7A-B9565883D719}"
EndProject
Global
	GlobalSection(SolutionConfigurationPlatforms) = preSolution
		Debug|Any CPU = Debug|Any CPU
		Debug|Mixed Platforms = Debug|Mixed Platforms
		Debug|x86 = Debug|x86
		Release|Any CPU = Release|Any CPU
		Release|Mixed Platforms = Release|Mixed Platforms
		Release|x86 = Release|x86
	EndGlobalSection
	GlobalSection(ProjectConfigurationPlatforms) = postSolution
		{84B97A7B-CEF1-49AA-A1BD-6E3F9DBADD08}.Debug|Any CPU.ActiveCfg = Debug|x86
		{84B97A7B-CEF1-49AA-A1BD-6E3F9DBADD08}.Debug|Mixed Platforms.ActiveCfg = Debug|x86
		{84B97A7B-CEF1-49AA-A1BD-6E3F9DBADD08}.Debug|Mixed Platforms.Build.0 = Debug|x86
		{84B97A7B-CEF1-49AA-A1BD-6E3F9DBADD08}.Debug|x86.ActiveCfg = Debug|x86
		{84B97A7B-CEF1-49AA-A1BD-6E3F9DBADD08}.Debug|x86.Build.0 = Debug|x86
		{84B97A7B-CEF1-49AA-A1BD-6E3F9DBADD08}.Release|Any CPU.ActiveCfg = Release|x86
		{84B97A7B-CEF1-49AA-A1BD-6E3F9DBADD08}.Release|Mixed Platforms.ActiveCfg = Release|x86
		{84B97A7B-CEF1-49AA-A1BD-6E3F9DBADD08}.Release|Mixed Platforms.Build.0 = Release|x86
		{84B97A7B-CEF1-49AA-A1BD-6E3F9DBADD08}.Release|x86.ActiveCfg = Release|x86
		{84B97A7B-CEF1-49AA-A1BD-6E3F9DBADD08}.Release|x86.Build.0 = Release|x86
		{BA525B4E-D7B6-4A42-A5C3-9DA11C3CE48F}.Debug|Any CPU.ActiveCfg = Debug|Any CPU
		{BA525B4E-D7B6-4A42-A5C3-9DA11C3CE48F}.Debug|Any CPU.Build.0 = Debug|Any CPU
		{BA525B4E-D7B6-4A42-A5C3-9DA11C3CE48F}.Debug|Mixed Platforms.ActiveCfg = Debug|Any CPU
		{BA525B4E-D7B6-4A42-A5C3-9DA11C3CE48F}.Debug|Mixed Platforms.Build.0 = Debug|Any CPU
		{BA525B4E-D7B6-4A42-A5C3-9DA11C3CE48F}.Debug|x86.ActiveCfg = Debug|Any CPU
		{BA525B4E-D7B6-4A42-A5C3-9DA11C3CE48F}.Release|Any CPU.ActiveCfg = Release|Any CPU
		{BA525B4E-D7B6-4A42-A5C3-9DA11C3CE48F}.Release|Any CPU.Build.0 = Release|Any CPU
		{BA525B4E-D7B6-4A42-A5C3-9DA11C3CE48F}.Release|Mixed Platforms.ActiveCfg = Release|Any CPU
		{BA525B4E-D7B6-4A42-A5C3-9DA11C3CE48F}.Release|Mixed Platforms.Build.0 = Release|Any CPU
		{BA525B4E-D7B6-4A42-A5C3-9DA11C3CE48F}.Release|x86.ActiveCfg = Release|Any CPU
		{DA691DA7-3E99-4ECC-BA70-5C4BCB2F5784}.Debug|Any CPU.ActiveCfg = Debug|x86
		{DA691DA7-3E99-4ECC-BA70-5C4BCB2F5784}.Debug|Mixed Platforms.ActiveCfg = Debug|x86
		{DA691DA7-3E99-4ECC-BA70-5C4BCB2F5784}.Debug|Mixed Platforms.Build.0 = Debug|x86
		{DA691DA7-3E99-4ECC-BA70-5C4BCB2F5784}.Debug|x86.ActiveCfg = Debug|x86
		{DA691DA7-3E99-4ECC-BA70-5C4BCB2F5784}.Debug|x86.Build.0 = Debug|x86
		{DA691DA7-3E99-4ECC-BA70-5C4BCB2F5784}.Release|Any CPU.ActiveCfg = Release|x86
		{DA691DA7-3E99-4ECC-BA70-5C4BCB2F5784}.Release|Mixed Platforms.ActiveCfg = Release|x86
		{DA691DA7-3E99-4ECC-BA70-5C4BCB2F5784}.Release|Mixed Platforms.Build.0 = Release|x86
		{DA691DA7-3E99-4ECC-BA70-5C4BCB2F5784}.Release|x86.ActiveCfg = Release|x86
		{DA691DA7-3E99-4ECC-BA70-5C4BCB2F5784}.Release|x86.Build.0 = Release|x86
		{BE965C33-6781-4E50-8E7A-B9565883D719}.Debug|Any CPU.ActiveCfg = Debug|Any CPU
		{BE965C33-6781-4E50-8E7A-B9565883D719}.Debug|Any CPU.Build.0 = Debug|Any CPU
		{BE965C33-6781-4E50-8E7A-B9565883D719}.Debug|Mixed Platforms.ActiveCfg = Debug|Any CPU
		{BE965C33-6781-4E50-8E7A-B9565883D719}.Debug|Mixed Platforms.Build.0 = Debug|Any CPU
		{BE965C33-6781-4E50-8E7A-B9565883D719}.Debug|x86.ActiveCfg = Debug|Any CPU
		{BE965C33-6781-4E50-8E7A-B9565883D719}.Release|Any CPU.ActiveCfg = Release|Any CPU
		{BE965C33-6781-4E50-8E7A-B9565883D719}.Release|Any CPU.Build.0 = Release|Any CPU
		{BE965C33-6781-4E50-8E7A-B9565883D719}.Release|Mixed Platforms.ActiveCfg = Release|Any CPU
		{BE965C33-6781-4E50-8E7A-B9565883D719}.Release|Mixed Platforms.Build.0 = Release|Any CPU
		{BE965C33-6781-4E50-8E7A-B9565883D719}.Release|x86.ActiveCfg = Release|Any CPU
	EndGlobalSection
	GlobalSection(SolutionProperties) = preSolution
		HideSolutionNode = FALSE
	EndGlobalSection
EndGlobal
